
Microsoft Visual Studio Solution File, Format Version 12.00
# Visual Studio Version 17
VisualStudioVersion = 17.12.35514.174
MinimumVisualStudioVersion = 10.0.40219.1
Project("{FAE04EC0-301F-11D3-BF4B-00C04F79EFBC}") = "Repository", "Repisitory\Repository.csproj", "{A03D9829-D207-4711-9681-FC3BDD3807D6}"
EndProject
Project("{FAE04EC0-301F-11D3-BF4B-00C04F79EFBC}") = "Main", "Main\Main.csproj", "{BF2D0855-6DC1-472A-A6FA-378F5EEA8B1D}"
EndProject
Project("{FAE04EC0-301F-11D3-BF4B-00C04F79EFBC}") = "Model", "Model\Model.csproj", "{E646BF6E-306C-48F6-91C0-9BBA3EDBB9C6}"
EndProject
Global
	GlobalSection(SolutionConfigurationPlatforms) = preSolution
		Debug|Any CPU = Debug|Any CPU
		Release|Any CPU = Release|Any CPU
	EndGlobalSection
	GlobalSection(ProjectConfigurationPlatforms) = postSolution
		{A03D9829-D207-4711-9681-FC3BDD3807D6}.Debug|Any CPU.ActiveCfg = Debug|Any CPU
		{A03D9829-D207-4711-9681-FC3BDD3807D6}.Debug|Any CPU.Build.0 = Debug|Any CPU
		{A03D9829-D207-4711-9681-FC3BDD3807D6}.Release|Any CPU.ActiveCfg = Release|Any CPU
		{A03D9829-D207-4711-9681-FC3BDD3807D6}.Release|Any CPU.Build.0 = Release|Any CPU
		{BF2D0855-6DC1-472A-A6FA-378F5EEA8B1D}.Debug|Any CPU.ActiveCfg = Debug|Any CPU
		{BF2D0855-6DC1-472A-A6FA-378F5EEA8B1D}.Debug|Any CPU.Build.0 = Debug|Any CPU
		{BF2D0855-6DC1-472A-A6FA-378F5EEA8B1D}.Release|Any CPU.ActiveCfg = Release|Any CPU
		{BF2D0855-6DC1-472A-A6FA-378F5EEA8B1D}.Release|Any CPU.Build.0 = Release|Any CPU
		{E646BF6E-306C-48F6-91C0-9BBA3EDBB9C6}.Debug|Any CPU.ActiveCfg = Debug|Any CPU
		{E646BF6E-306C-48F6-91C0-9BBA3EDBB9C6}.Debug|Any CPU.Build.0 = Debug|Any CPU
		{E646BF6E-306C-48F6-91C0-9BBA3EDBB9C6}.Release|Any CPU.ActiveCfg = Release|Any CPU
		{E646BF6E-306C-48F6-91C0-9BBA3EDBB9C6}.Release|Any CPU.Build.0 = Release|Any CPU
	EndGlobalSection
	GlobalSection(SolutionProperties) = preSolution
		HideSolutionNode = FALSE
	EndGlobalSection
EndGlobal
